
Microsoft Visual Studio Solution File, Format Version 12.00
# Visual Studio Version 17
VisualStudioVersion = 17.0.31912.275
MinimumVisualStudioVersion = 10.0.40219.1
Project("{FAE04EC0-301F-11D3-BF4B-00C04F79EFBC}") = "TruYumWebAPI", "TruYumWebAPI.csproj", "{1FE5D079-6BDF-426D-8946-40383CF4E1BF}"
EndProject
Global
	GlobalSection(SolutionConfigurationPlatforms) = preSolution
		Debug|Any CPU = Debug|Any CPU
		Release|Any CPU = Release|Any CPU
	EndGlobalSection
	GlobalSection(ProjectConfigurationPlatforms) = postSolution
		{1FE5D079-6BDF-426D-8946-40383CF4E1BF}.Debug|Any CPU.ActiveCfg = Debug|Any CPU
		{1FE5D079-6BDF-426D-8946-40383CF4E1BF}.Debug|Any CPU.Build.0 = Debug|Any CPU
		{1FE5D079-6BDF-426D-8946-40383CF4E1BF}.Release|Any CPU.ActiveCfg = Release|Any CPU
		{1FE5D079-6BDF-426D-8946-40383CF4E1BF}.Release|Any CPU.Build.0 = Release|Any CPU
	EndGlobalSection
	GlobalSection(SolutionProperties) = preSolution
		HideSolutionNode = FALSE
	EndGlobalSection
	GlobalSection(ExtensibilityGlobals) = postSolution
		SolutionGuid = {84317FB1-8D5D-4BB4-B4F3-2314B66FC2FB}
	EndGlobalSection
EndGlobal
